
Microsoft Visual Studio Solution File, Format Version 12.00
# Visual Studio Version 17
VisualStudioVersion = 17.1.32319.34
MinimumVisualStudioVersion = 10.0.40219.1
Project("{FAE04EC0-301F-11D3-BF4B-00C04F79EFBC}") = "TDD-Template", "TDD-Template\TDD-Template.csproj", "{BA78654B-E9FA-480C-9F4C-509ACD02CF7A}"
EndProject
Project("{9A19103F-16F7-4668-BE54-9A1E7A4F7556}") = "TDD-Template.UnitTests", "TDD-Template.UnitTests\TDD-Template.UnitTests.csproj", "{3BCA0A2D-C2A9-4270-AC4C-8C8CBF717510}"
EndProject
Global
	GlobalSection(SolutionConfigurationPlatforms) = preSolution
		Debug|Any CPU = Debug|Any CPU
		Release|Any CPU = Release|Any CPU
	EndGlobalSection
	GlobalSection(ProjectConfigurationPlatforms) = postSolution
		{3BCA0A2D-C2A9-4270-AC4C-8C8CBF717510}.Debug|Any CPU.ActiveCfg = Debug|Any CPU
		{3BCA0A2D-C2A9-4270-AC4C-8C8CBF717510}.Debug|Any CPU.Build.0 = Debug|Any CPU
		{3BCA0A2D-C2A9-4270-AC4C-8C8CBF717510}.Release|Any CPU.ActiveCfg = Release|Any CPU
		{3BCA0A2D-C2A9-4270-AC4C-8C8CBF717510}.Release|Any CPU.Build.0 = Release|Any CPU
		{BA78654B-E9FA-480C-9F4C-509ACD02CF7A}.Debug|Any CPU.ActiveCfg = Debug|Any CPU
		{BA78654B-E9FA-480C-9F4C-509ACD02CF7A}.Debug|Any CPU.Build.0 = Debug|Any CPU
		{BA78654B-E9FA-480C-9F4C-509ACD02CF7A}.Release|Any CPU.ActiveCfg = Release|Any CPU
		{BA78654B-E9FA-480C-9F4C-509ACD02CF7A}.Release|Any CPU.Build.0 = Release|Any CPU
	EndGlobalSection
	GlobalSection(SolutionProperties) = preSolution
		HideSolutionNode = FALSE
	EndGlobalSection
	GlobalSection(ExtensibilityGlobals) = postSolution
		SolutionGuid = {E032D0C1-CAFB-49B7-9DEE-733747D1FB56}
	EndGlobalSection
EndGlobal
